
Microsoft Visual Studio Solution File, Format Version 12.00
# Visual Studio Version 16
VisualStudioVersion = 16.0.31624.102
MinimumVisualStudioVersion = 10.0.40219.1
Project("{FAE04EC0-301F-11D3-BF4B-00C04F79EFBC}") = "TCPServer", "TCPServer\TCPServer.csproj", "{6E0D913C-00AB-4404-B0A9-D38E286FDFE9}"
EndProject
Global
	GlobalSection(SolutionConfigurationPlatforms) = preSolution
		Debug|Any CPU = Debug|Any CPU
		Release|Any CPU = Release|Any CPU
	EndGlobalSection
	GlobalSection(ProjectConfigurationPlatforms) = postSolution
		{6E0D913C-00AB-4404-B0A9-D38E286FDFE9}.Debug|Any CPU.ActiveCfg = Debug|Any CPU
		{6E0D913C-00AB-4404-B0A9-D38E286FDFE9}.Debug|Any CPU.Build.0 = Debug|Any CPU
		{6E0D913C-00AB-4404-B0A9-D38E286FDFE9}.Release|Any CPU.ActiveCfg = Release|Any CPU
		{6E0D913C-00AB-4404-B0A9-D38E286FDFE9}.Release|Any CPU.Build.0 = Release|Any CPU
	EndGlobalSection
	GlobalSection(SolutionProperties) = preSolution
		HideSolutionNode = FALSE
	EndGlobalSection
	GlobalSection(ExtensibilityGlobals) = postSolution
		SolutionGuid = {64A93A70-0CA3-4DEE-BDE4-443420044DDF}
	EndGlobalSection
EndGlobal
